{
  "version": 4,
  "terraform_version": "1.9.3",
  "serial": 31,
  "lineage": "4c4b6453-f977-0a27-b153-5334545d5a2e",
  "outputs": {
    "ecr_repo_url": {
      "value": "115455868438.dkr.ecr.us-east-1.amazonaws.com/lambda-nodejs-repo",
      "type": "string"
    },
    "lambda_function_name": {
      "value": "nodejs-lambda",
      "type": "string"
    },
    "s3_bucket_name": {
      "value": "sakshi-lambda-artifacts-bucket",
      "type": "string"
    }
  },
  "resources": [
    {
      "mode": "managed",
      "type": "aws_ecr_repository",
      "name": "lambda_repo",
      "provider": "provider[\"registry.terraform.io/hashicorp/aws\"]",
      "instances": [
        {
          "schema_version": 0,
          "attributes": {
            "arn": "arn:aws:ecr:us-east-1:115455868438:repository/lambda-nodejs-repo",
            "encryption_configuration": [
              {
                "encryption_type": "AES256",
                "kms_key": ""
              }
            ],
            "force_delete": null,
            "id": "lambda-nodejs-repo",
            "image_scanning_configuration": [
              {
                "scan_on_push": false
              }
            ],
            "image_tag_mutability": "MUTABLE",
            "name": "lambda-nodejs-repo",
            "registry_id": "115455868438",
            "repository_url": "115455868438.dkr.ecr.us-east-1.amazonaws.com/lambda-nodejs-repo",
            "tags": {},
            "tags_all": {},
            "timeouts": null
          },
          "sensitive_attributes": [],
          "private": "eyJlMmJmYjczMC1lY2FhLTExZTYtOGY4OC0zNDM2M2JjN2M0YzAiOnsiZGVsZXRlIjoxMjAwMDAwMDAwMDAwfX0="
        }
      ]
    },
    {
      "mode": "managed",
      "type": "aws_iam_policy",
      "name": "lambda_policy",
      "provider": "provider[\"registry.terraform.io/hashicorp/aws\"]",
      "instances": [
        {
          "schema_version": 0,
          "attributes": {
            "arn": "arn:aws:iam::115455868438:policy/lambda_policy",
            "attachment_count": 1,
            "description": "Policy for Lambda execution",
            "id": "arn:aws:iam::115455868438:policy/lambda_policy",
            "name": "lambda_policy",
            "name_prefix": "",
            "path": "/",
            "policy": "{\"Statement\":[{\"Action\":[\"s3:GetObject\",\"s3:ListBucket\"],\"Effect\":\"Allow\",\"Resource\":[\"arn:aws:s3:::sakshi-lambda-artifacts-bucket\",\"arn:aws:s3:::sakshi-lambda-artifacts-bucket/*\"]},{\"Action\":[\"logs:CreateLogGroup\",\"logs:CreateLogStream\",\"logs:PutLogEvents\"],\"Effect\":\"Allow\",\"Resource\":\"arn:aws:logs:*:*:*\"},{\"Action\":\"ecr:GetDownloadUrlForLayer\",\"Effect\":\"Allow\",\"Resource\":\"arn:aws:ecr:us-east-1:115455868438:repository/lambda-nodejs-repo\"}],\"Version\":\"2012-10-17\"}",
            "policy_id": "ANPARVYNUXYLLPLSVRHZU",
            "tags": {},
            "tags_all": {}
          },
          "sensitive_attributes": [],
          "private": "bnVsbA==",
          "dependencies": [
            "aws_ecr_repository.lambda_repo",
            "aws_s3_bucket.lambda_bucket"
          ]
        }
      ]
    },
    {
      "mode": "managed",
      "type": "aws_iam_role",
      "name": "lambda_role",
      "provider": "provider[\"registry.terraform.io/hashicorp/aws\"]",
      "instances": [
        {
          "schema_version": 0,
          "attributes": {
            "arn": "arn:aws:iam::115455868438:role/lambda_execution_role",
            "assume_role_policy": "{\"Statement\":[{\"Action\":\"sts:AssumeRole\",\"Effect\":\"Allow\",\"Principal\":{\"Service\":\"lambda.amazonaws.com\"}}],\"Version\":\"2012-10-17\"}",
            "create_date": "2025-03-05T05:56:44Z",
            "description": "",
            "force_detach_policies": false,
            "id": "lambda_execution_role",
            "inline_policy": [],
            "managed_policy_arns": [
              "arn:aws:iam::115455868438:policy/lambda_policy"
            ],
            "max_session_duration": 3600,
            "name": "lambda_execution_role",
            "name_prefix": "",
            "path": "/",
            "permissions_boundary": "",
            "tags": {},
            "tags_all": {},
            "unique_id": "AROARVYNUXYLMLKRMVYRE"
          },
          "sensitive_attributes": [],
          "private": "bnVsbA=="
        }
      ]
    },
    {
      "mode": "managed",
      "type": "aws_iam_role_policy_attachment",
      "name": "lambda_policy_attachment",
      "provider": "provider[\"registry.terraform.io/hashicorp/aws\"]",
      "instances": [
        {
          "schema_version": 0,
          "attributes": {
            "id": "lambda_execution_role-20250305060025228000000001",
            "policy_arn": "arn:aws:iam::115455868438:policy/lambda_policy",
            "role": "lambda_execution_role"
          },
          "sensitive_attributes": [],
          "private": "bnVsbA==",
          "dependencies": [
            "aws_ecr_repository.lambda_repo",
            "aws_iam_policy.lambda_policy",
            "aws_iam_role.lambda_role",
            "aws_s3_bucket.lambda_bucket"
          ]
        }
      ]
    },
    {
      "mode": "managed",
      "type": "aws_s3_bucket",
      "name": "lambda_bucket",
      "provider": "provider[\"registry.terraform.io/hashicorp/aws\"]",
      "instances": [
        {
          "schema_version": 0,
          "attributes": {
            "acceleration_status": "",
            "acl": null,
            "arn": "arn:aws:s3:::sakshi-lambda-artifacts-bucket",
            "bucket": "sakshi-lambda-artifacts-bucket",
            "bucket_domain_name": "sakshi-lambda-artifacts-bucket.s3.amazonaws.com",
            "bucket_prefix": "",
            "bucket_regional_domain_name": "sakshi-lambda-artifacts-bucket.s3.us-east-1.amazonaws.com",
            "cors_rule": [],
            "force_destroy": false,
            "grant": [
              {
                "id": "6fe6e045cd9fec3debaa985d3a0a5ddc04be88e018e43d866657b3c620563c56",
                "permissions": [
                  "FULL_CONTROL"
                ],
                "type": "CanonicalUser",
                "uri": ""
              }
            ],
            "hosted_zone_id": "Z3AQBSTGFYJSTF",
            "id": "sakshi-lambda-artifacts-bucket",
            "lifecycle_rule": [],
            "logging": [],
            "object_lock_configuration": [],
            "object_lock_enabled": false,
            "policy": "",
            "region": "us-east-1",
            "replication_configuration": [],
            "request_payer": "BucketOwner",
            "server_side_encryption_configuration": [
              {
                "rule": [
                  {
                    "apply_server_side_encryption_by_default": [
                      {
                        "kms_master_key_id": "",
                        "sse_algorithm": "AES256"
                      }
                    ],
                    "bucket_key_enabled": false
                  }
                ]
              }
            ],
            "tags": {},
            "tags_all": {},
            "timeouts": null,
            "versioning": [
              {
                "enabled": false,
                "mfa_delete": false
              }
            ],
            "website": [],
            "website_domain": null,
            "website_endpoint": null
          },
          "sensitive_attributes": [],
          "private": "eyJlMmJmYjczMC1lY2FhLTExZTYtOGY4OC0zNDM2M2JjN2M0YzAiOnsiY3JlYXRlIjoxMjAwMDAwMDAwMDAwLCJkZWxldGUiOjM2MDAwMDAwMDAwMDAsInJlYWQiOjEyMDAwMDAwMDAwMDAsInVwZGF0ZSI6MTIwMDAwMDAwMDAwMH19"
        }
      ]
    },
    {
      "mode": "managed",
      "type": "aws_s3_bucket_public_access_block",
      "name": "lambda_bucket_access",
      "provider": "provider[\"registry.terraform.io/hashicorp/aws\"]",
      "instances": [
        {
          "schema_version": 0,
          "attributes": {
            "block_public_acls": true,
            "block_public_policy": true,
            "bucket": "sakshi-lambda-artifacts-bucket",
            "id": "sakshi-lambda-artifacts-bucket",
            "ignore_public_acls": true,
            "restrict_public_buckets": true
          },
          "sensitive_attributes": [],
          "private": "bnVsbA==",
          "dependencies": [
            "aws_s3_bucket.lambda_bucket"
          ]
        }
      ]
    }
  ],
  "check_results": null
}
